# This file is automatically @generated by Cargo.
# It is not intended for manual editing.
version = 4

[[package]]
name = "abrase"
version = "0.1.0-alpha.1"
dependencies = [
 "polka-rs",
]

[[package]]
name = "abrase-cli"
version = "0.1.0-alpha.1"
dependencies = [
 "abrase",
 "myriad-rs",
 "polka-rs",
]

[[package]]
name = "myriad-rs"
version = "0.1.0-alpha.1"
dependencies = [
 "polka-rs",
]

[[package]]
name = "polka-rs"
version = "0.1.0-alpha.1"
