# This file is automatically @generated by Cargo.
# It is not intended for manual editing.
version = 4

[[package]]
name = "abrase"
version = "0.1.0"
dependencies = [
 "abrase-cli",
 "myriad",
 "polka",
]

[[package]]
name = "abrase-cli"
version = "0.1.0"
dependencies = [
 "abrase",
 "myriad",
 "polka",
]

[[package]]
name = "myriad"
version = "0.1.0"
dependencies = [
 "polka",
]

[[package]]
name = "polka"
version = "0.1.0"
